# THIS IS AN AUTOGENERATED FILE. DO NOT EDIT THIS FILE DIRECTLY.
# yarn lockfile v1


"@bazel/bazelisk@^1.6.1":
  version "1.6.1"
  resolved "https://registry.yarnpkg.com/@bazel/bazelisk/-/bazelisk-1.6.1.tgz#f9e279d2fecaf6cec6ed676bc8714846f3704e40"
  integrity sha512-2JpfZb6eYCGrdLdUJamncIpI4pgEAhPURYGg+rCgqoZDJxzADuOnpf/00dEBXPM2XByXNXTqsKEFN2gTaZz2mA==
